
Microsoft Visual Studio Solution File, Format Version 12.00
# Visual Studio 15
VisualStudioVersion = 15.0.33529.398
MinimumVisualStudioVersion = 10.0.40219.1
Project("{FAE04EC0-301F-11D3-BF4B-00C04F79EFBC}") = "superCalculator", "superCalculator\superCalculator.csproj", "{3E440F75-6596-4865-BA37-4EAA6277F0F3}"
EndProject
Global
	GlobalSection(SolutionConfigurationPlatforms) = preSolution
		Debug|Any CPU = Debug|Any CPU
		Release|Any CPU = Release|Any CPU
	EndGlobalSection
	GlobalSection(ProjectConfigurationPlatforms) = postSolution
		{3E440F75-6596-4865-BA37-4EAA6277F0F3}.Debug|Any CPU.ActiveCfg = Debug|Any CPU
		{3E440F75-6596-4865-BA37-4EAA6277F0F3}.Debug|Any CPU.Build.0 = Debug|Any CPU
		{3E440F75-6596-4865-BA37-4EAA6277F0F3}.Release|Any CPU.ActiveCfg = Release|Any CPU
		{3E440F75-6596-4865-BA37-4EAA6277F0F3}.Release|Any CPU.Build.0 = Release|Any CPU
	EndGlobalSection
	GlobalSection(SolutionProperties) = preSolution
		HideSolutionNode = FALSE
	EndGlobalSection
	GlobalSection(ExtensibilityGlobals) = postSolution
		SolutionGuid = {E32D3FC1-96DE-4155-B420-D5376BB3C7E6}
	EndGlobalSection
EndGlobal
